{
  "name": "testrepo",
  "lockfileVersion": 3,
  "requires": true,
  "packages": {
    "": {
      "name": "testrepo",
      "dependencies": {
        "@rolandpeelen/rewatch": "^1.0.9",
        "rescript-voby": "github:dkirchhof/rescript-voby"
      },
      "workspaces": {
        "packages": [
          "packages/main",
          "packages/dep01"
        ]
      }
    },
    "node_modules/@rolandpeelen/rewatch": {
      "version": "1.0.9",
      "resolved": "https://registry.npmjs.org/@rolandpeelen/rewatch/-/rewatch-1.0.9.tgz",
      "integrity": "sha512-OqHtmQBALlqiUqpP3ZaABAGxkbU7ErbeOzedaRSFyyKM2IWepWFBiTizHxKC+eqpnqUYsVLnlCbmKtSS0xGyew==",
      "hasInstallScript": true,
      "license": "BSD-3-Clause",
      "bin": {
        "rewatch": "rewatch"
      }
    },
    "node_modules/@testrepo/dep01": {
      "resolved": "packages/dep01",
      "link": true
    },
    "node_modules/@testrepo/main": {
      "resolved": "packages/main",
      "link": true
    },
    "node_modules/rescript": {
      "version": "11.1.4",
      "resolved": "https://registry.npmjs.org/rescript/-/rescript-11.1.4.tgz",
      "integrity": "sha512-0bGU0bocihjSC6MsE3TMjHjY0EUpchyrREquLS8VsZ3ohSMD+VHUEwimEfB3kpBI1vYkw3UFZ3WD8R28guz/Vw==",
      "hasInstallScript": true,
      "license": "SEE LICENSE IN LICENSE",
      "bin": {
        "bsc": "bsc",
        "bstracing": "lib/bstracing",
        "rescript": "rescript"
      },
      "engines": {
        "node": ">=10"
      }
    },
    "node_modules/rescript-voby": {
      "version": "0.0.1",
      "resolved": "git+ssh://git@github.com/dkirchhof/rescript-voby.git#333bdd2dacdf43884c046f8afd8f17367bc4fedc"
    },
    "packages/dep01": {
      "name": "@testrepo/dep01",
      "version": "0.0.1",
      "license": "MIT",
      "dependencies": {
        "rescript": "*"
      }
    },
    "packages/main": {
      "name": "@testrepo/main",
      "version": "0.0.1",
      "license": "MIT",
      "dependencies": {
        "@testrepo/dep01": "*",
        "rescript": "*",
        "rescript-voby": "github:dkirchhof/rescript-voby"
      }
    }
  }
}
